
Microsoft Visual Studio Solution File, Format Version 12.00
# Visual Studio Version 17
VisualStudioVersion = 17.6.33829.357
MinimumVisualStudioVersion = 10.0.40219.1
Project("{9A19103F-16F7-4668-BE54-9A1E7A4F7556}") = "Ellosoft.AwsCredentialsManager", "src\Ellosoft.AwsCredentialsManager\Ellosoft.AwsCredentialsManager.csproj", "{071B9955-1D92-4D75-83DA-D453E8D1ACC2}"
EndProject
Project("{2150E333-8FDC-42A3-9474-1A3956D46DE8}") = "Solution Items", "Solution Items", "{EF1AF96A-3E6B-41D7-868D-80D55107BF04}"
	ProjectSection(SolutionItems) = preProject
		.editorconfig = .editorconfig
		Directory.Build.props = Directory.Build.props
		Ellosoft.AwsCredentialsManager.sln.DotSettings = Ellosoft.AwsCredentialsManager.sln.DotSettings
		ellosoft.ruleset = ellosoft.ruleset
		nuget.config = nuget.config
		readme.md = readme.md
		renovate.json = renovate.json
	EndProjectSection
EndProject
Project("{9A19103F-16F7-4668-BE54-9A1E7A4F7556}") = "Ellosoft.AwsCredentialsManager.Tests", "test\Ellosoft.AwsCredentialsManager.Tests\Ellosoft.AwsCredentialsManager.Tests.csproj", "{17AC9083-C7C0-4315-82E9-E51913C88702}"
EndProject
Project("{2150E333-8FDC-42A3-9474-1A3956D46DE8}") = "Configs", "Configs", "{BE5D4D7F-D3F1-4A43-A88E-1EB889C697EE}"
	ProjectSection(SolutionItems) = preProject
		config\sample-config.toml = config\sample-config.toml
		config\sample-config.yml = config\sample-config.yml
	EndProjectSection
EndProject
Global
	GlobalSection(SolutionConfigurationPlatforms) = preSolution
		Debug|Any CPU = Debug|Any CPU
		Release|Any CPU = Release|Any CPU
	EndGlobalSection
	GlobalSection(ProjectConfigurationPlatforms) = postSolution
		{071B9955-1D92-4D75-83DA-D453E8D1ACC2}.Debug|Any CPU.ActiveCfg = Debug|Any CPU
		{071B9955-1D92-4D75-83DA-D453E8D1ACC2}.Debug|Any CPU.Build.0 = Debug|Any CPU
		{071B9955-1D92-4D75-83DA-D453E8D1ACC2}.Release|Any CPU.ActiveCfg = Release|Any CPU
		{071B9955-1D92-4D75-83DA-D453E8D1ACC2}.Release|Any CPU.Build.0 = Release|Any CPU
		{17AC9083-C7C0-4315-82E9-E51913C88702}.Debug|Any CPU.ActiveCfg = Debug|Any CPU
		{17AC9083-C7C0-4315-82E9-E51913C88702}.Debug|Any CPU.Build.0 = Debug|Any CPU
		{17AC9083-C7C0-4315-82E9-E51913C88702}.Release|Any CPU.ActiveCfg = Release|Any CPU
		{17AC9083-C7C0-4315-82E9-E51913C88702}.Release|Any CPU.Build.0 = Release|Any CPU
	EndGlobalSection
	GlobalSection(SolutionProperties) = preSolution
		HideSolutionNode = FALSE
	EndGlobalSection
	GlobalSection(ExtensibilityGlobals) = postSolution
		SolutionGuid = {49500883-1CA1-4B19-9746-91C708E418AC}
	EndGlobalSection
	GlobalSection(NestedProjects) = preSolution
		{BE5D4D7F-D3F1-4A43-A88E-1EB889C697EE} = {EF1AF96A-3E6B-41D7-868D-80D55107BF04}
	EndGlobalSection
EndGlobal
