<Solution>
  <Folder Name="/Solution Items/">
    <File Path=".editorconfig" />
    <File Path="Directory.Build.props" />
    <File Path="Ellosoft.AwsCredentialsManager.slnx.DotSettings" />
    <File Path="ellosoft.ruleset" />
    <File Path="nuget.config" />
    <File Path="README.md" />
    <File Path="renovate.json" />
  </Folder>
  <Folder Name="/Solution Items/Configs/">
    <File Path="config/sample-config.toml" />
    <File Path="config/sample-config.yml" />
  </Folder>
  <Project Path="src/Ellosoft.AwsCredentialsManager/Ellosoft.AwsCredentialsManager.csproj" />
  <Project Path="test/Ellosoft.AwsCredentialsManager.Tests/Ellosoft.AwsCredentialsManager.Tests.csproj" />
</Solution>
